
Microsoft Visual Studio Solution File, Format Version 12.00
# Visual Studio Version 16
VisualStudioVersion = 16.0.31313.79
MinimumVisualStudioVersion = 10.0.40219.1
Project("{FAE04EC0-301F-11D3-BF4B-00C04F79EFBC}") = "constructionformsapp", "constructionformsapp\constructionformsapp.csproj", "{FDC1C309-7941-4BB2-A1F3-5C871ABE698B}"
EndProject
Global
	GlobalSection(SolutionConfigurationPlatforms) = preSolution
		Debug|Any CPU = Debug|Any CPU
		Release|Any CPU = Release|Any CPU
	EndGlobalSection
	GlobalSection(ProjectConfigurationPlatforms) = postSolution
		{FDC1C309-7941-4BB2-A1F3-5C871ABE698B}.Debug|Any CPU.ActiveCfg = Debug|Any CPU
		{FDC1C309-7941-4BB2-A1F3-5C871ABE698B}.Debug|Any CPU.Build.0 = Debug|Any CPU
		{FDC1C309-7941-4BB2-A1F3-5C871ABE698B}.Release|Any CPU.ActiveCfg = Release|Any CPU
		{FDC1C309-7941-4BB2-A1F3-5C871ABE698B}.Release|Any CPU.Build.0 = Release|Any CPU
	EndGlobalSection
	GlobalSection(SolutionProperties) = preSolution
		HideSolutionNode = FALSE
	EndGlobalSection
	GlobalSection(ExtensibilityGlobals) = postSolution
		SolutionGuid = {86377B59-5656-4306-B5F1-3D61DAA79541}
	EndGlobalSection
EndGlobal
